
Microsoft Visual Studio Solution File, Format Version 12.00
# Visual Studio Version 17
VisualStudioVersion = 17.0.32112.339
MinimumVisualStudioVersion = 10.0.40219.1
Project("{9A19103F-16F7-4668-BE54-9A1E7A4F7556}") = "SystemKontrolka", "SystemKontrolka\SystemKontrolka.csproj", "{F09759BE-EA28-4C89-9F47-77F1FB85AE87}"
EndProject
Project("{54435603-DBB4-11D2-8724-00A0C9A8B90C}") = "SystemKontrolkaWizard", "SystemKontrolkaWizard\SystemKontrolkaWizard.vdproj", "{A634C415-671D-44BC-8947-04244C783268}"
EndProject
Global
	GlobalSection(SolutionConfigurationPlatforms) = preSolution
		Debug|Any CPU = Debug|Any CPU
		Release|Any CPU = Release|Any CPU
	EndGlobalSection
	GlobalSection(ProjectConfigurationPlatforms) = postSolution
		{F09759BE-EA28-4C89-9F47-77F1FB85AE87}.Debug|Any CPU.ActiveCfg = Debug|Any CPU
		{F09759BE-EA28-4C89-9F47-77F1FB85AE87}.Debug|Any CPU.Build.0 = Debug|Any CPU
		{F09759BE-EA28-4C89-9F47-77F1FB85AE87}.Release|Any CPU.ActiveCfg = Release|Any CPU
		{F09759BE-EA28-4C89-9F47-77F1FB85AE87}.Release|Any CPU.Build.0 = Release|Any CPU
		{A634C415-671D-44BC-8947-04244C783268}.Debug|Any CPU.ActiveCfg = Debug
		{A634C415-671D-44BC-8947-04244C783268}.Release|Any CPU.ActiveCfg = Release
	EndGlobalSection
	GlobalSection(SolutionProperties) = preSolution
		HideSolutionNode = FALSE
	EndGlobalSection
	GlobalSection(ExtensibilityGlobals) = postSolution
		SolutionGuid = {39F92388-79D4-4605-9DF0-423EC9B382A1}
	EndGlobalSection
EndGlobal
